
Microsoft Visual Studio Solution File, Format Version 12.00
# Visual Studio Version 17
VisualStudioVersion = 17.5.33414.496
MinimumVisualStudioVersion = 10.0.40219.1
Project("{FAE04EC0-301F-11D3-BF4B-00C04F79EFBC}") = "ApiAutomationSession2.2", "ApiAutomationSession2.2.csproj", "{FDEF388F-F26D-4565-904E-3B0917002078}"
EndProject
Global
	GlobalSection(SolutionConfigurationPlatforms) = preSolution
		Debug|Any CPU = Debug|Any CPU
		Release|Any CPU = Release|Any CPU
	EndGlobalSection
	GlobalSection(ProjectConfigurationPlatforms) = postSolution
		{FDEF388F-F26D-4565-904E-3B0917002078}.Debug|Any CPU.ActiveCfg = Debug|Any CPU
		{FDEF388F-F26D-4565-904E-3B0917002078}.Debug|Any CPU.Build.0 = Debug|Any CPU
		{FDEF388F-F26D-4565-904E-3B0917002078}.Release|Any CPU.ActiveCfg = Release|Any CPU
		{FDEF388F-F26D-4565-904E-3B0917002078}.Release|Any CPU.Build.0 = Release|Any CPU
	EndGlobalSection
	GlobalSection(SolutionProperties) = preSolution
		HideSolutionNode = FALSE
	EndGlobalSection
	GlobalSection(ExtensibilityGlobals) = postSolution
		SolutionGuid = {F034A261-783B-40BD-A8EA-37381650CBFD}
	EndGlobalSection
EndGlobal
